
Microsoft Visual Studio Solution File, Format Version 12.00
# Visual Studio Version 16
VisualStudioVersion = 16.0.30517.126
MinimumVisualStudioVersion = 10.0.40219.1
Project("{FAE04EC0-301F-11D3-BF4B-00C04F79EFBC}") = "SampleApi", "SampleApi.csproj", "{FBA4EC43-A28F-4A40-B4C0-5650C6BCD6F8}"
EndProject
Global
	GlobalSection(SolutionConfigurationPlatforms) = preSolution
		Debug|Any CPU = Debug|Any CPU
		Release|Any CPU = Release|Any CPU
	EndGlobalSection
	GlobalSection(ProjectConfigurationPlatforms) = postSolution
		{FBA4EC43-A28F-4A40-B4C0-5650C6BCD6F8}.Debug|Any CPU.ActiveCfg = Debug|Any CPU
		{FBA4EC43-A28F-4A40-B4C0-5650C6BCD6F8}.Debug|Any CPU.Build.0 = Debug|Any CPU
		{FBA4EC43-A28F-4A40-B4C0-5650C6BCD6F8}.Release|Any CPU.ActiveCfg = Release|Any CPU
		{FBA4EC43-A28F-4A40-B4C0-5650C6BCD6F8}.Release|Any CPU.Build.0 = Release|Any CPU
	EndGlobalSection
	GlobalSection(SolutionProperties) = preSolution
		HideSolutionNode = FALSE
	EndGlobalSection
	GlobalSection(ExtensibilityGlobals) = postSolution
		SolutionGuid = {EB4594AA-03B3-46EC-B841-0957C5597EBB}
	EndGlobalSection
EndGlobal
